
Microsoft Visual Studio Solution File, Format Version 12.00
# Visual Studio Version 16
VisualStudioVersion = 16.0.29503.13
MinimumVisualStudioVersion = 10.0.40219.1
Project("{9A19103F-16F7-4668-BE54-9A1E7A4F7556}") = "RoundRobinCollection", "RoundRobinCollection\RoundRobinCollection.csproj", "{DB72060B-F364-4C97-856C-65D94990295D}"
EndProject
Project("{FAE04EC0-301F-11D3-BF4B-00C04F79EFBC}") = "RoundRobinCollectionEnumerable.Tests", "RoundRobinCollectionEnumerable.Tests\RoundRobinCollectionEnumerable.Tests.csproj", "{4FF99064-6732-4941-AA94-64453AD6E53F}"
EndProject
Global
	GlobalSection(SolutionConfigurationPlatforms) = preSolution
		Debug|Any CPU = Debug|Any CPU
		Release|Any CPU = Release|Any CPU
	EndGlobalSection
	GlobalSection(ProjectConfigurationPlatforms) = postSolution
		{DB72060B-F364-4C97-856C-65D94990295D}.Debug|Any CPU.ActiveCfg = Debug|Any CPU
		{DB72060B-F364-4C97-856C-65D94990295D}.Debug|Any CPU.Build.0 = Debug|Any CPU
		{DB72060B-F364-4C97-856C-65D94990295D}.Release|Any CPU.ActiveCfg = Release|Any CPU
		{DB72060B-F364-4C97-856C-65D94990295D}.Release|Any CPU.Build.0 = Release|Any CPU
		{4FF99064-6732-4941-AA94-64453AD6E53F}.Debug|Any CPU.ActiveCfg = Debug|Any CPU
		{4FF99064-6732-4941-AA94-64453AD6E53F}.Debug|Any CPU.Build.0 = Debug|Any CPU
		{4FF99064-6732-4941-AA94-64453AD6E53F}.Release|Any CPU.ActiveCfg = Release|Any CPU
		{4FF99064-6732-4941-AA94-64453AD6E53F}.Release|Any CPU.Build.0 = Release|Any CPU
	EndGlobalSection
	GlobalSection(SolutionProperties) = preSolution
		HideSolutionNode = FALSE
	EndGlobalSection
	GlobalSection(ExtensibilityGlobals) = postSolution
		SolutionGuid = {268AC56D-37FA-4EA5-9042-05B45DA1487F}
	EndGlobalSection
EndGlobal
