
Microsoft Visual Studio Solution File, Format Version 12.00
# Visual Studio Version 16
VisualStudioVersion = 16.0.29503.13
MinimumVisualStudioVersion = 10.0.40219.1
Project("{9A19103F-16F7-4668-BE54-9A1E7A4F7556}") = "CustomCsv", "CustomCsv.Reader\CustomCsv.csproj", "{7E0855E2-7352-4643-9925-5F7EF79DF4A2}"
EndProject
Project("{FAE04EC0-301F-11D3-BF4B-00C04F79EFBC}") = "CustomCsv.UnitTests", "CustomCsv.UnitTests\CustomCsv.UnitTests.csproj", "{5F7B1B1F-FB34-4308-B97D-967A1A79A217}"
EndProject
Global
	GlobalSection(SolutionConfigurationPlatforms) = preSolution
		Debug|Any CPU = Debug|Any CPU
		Release|Any CPU = Release|Any CPU
	EndGlobalSection
	GlobalSection(ProjectConfigurationPlatforms) = postSolution
		{7E0855E2-7352-4643-9925-5F7EF79DF4A2}.Debug|Any CPU.ActiveCfg = Debug|Any CPU
		{7E0855E2-7352-4643-9925-5F7EF79DF4A2}.Debug|Any CPU.Build.0 = Debug|Any CPU
		{7E0855E2-7352-4643-9925-5F7EF79DF4A2}.Release|Any CPU.ActiveCfg = Release|Any CPU
		{7E0855E2-7352-4643-9925-5F7EF79DF4A2}.Release|Any CPU.Build.0 = Release|Any CPU
		{5F7B1B1F-FB34-4308-B97D-967A1A79A217}.Debug|Any CPU.ActiveCfg = Debug|Any CPU
		{5F7B1B1F-FB34-4308-B97D-967A1A79A217}.Debug|Any CPU.Build.0 = Debug|Any CPU
		{5F7B1B1F-FB34-4308-B97D-967A1A79A217}.Release|Any CPU.ActiveCfg = Release|Any CPU
		{5F7B1B1F-FB34-4308-B97D-967A1A79A217}.Release|Any CPU.Build.0 = Release|Any CPU
	EndGlobalSection
	GlobalSection(SolutionProperties) = preSolution
		HideSolutionNode = FALSE
	EndGlobalSection
	GlobalSection(ExtensibilityGlobals) = postSolution
		SolutionGuid = {0B0E7827-D147-48E1-BB01-89A1B00B66C5}
	EndGlobalSection
EndGlobal
