
Microsoft Visual Studio Solution File, Format Version 12.00
# Visual Studio Version 16
VisualStudioVersion = 16.0.29424.173
MinimumVisualStudioVersion = 10.0.40219.1
Project("{9A19103F-16F7-4668-BE54-9A1E7A4F7556}") = "ShareMe.DataAccessLayer.Entity", "ShareMe.DataAccessLayer.Entity\ShareMe.DataAccessLayer.Entity.csproj", "{BCB500F8-402A-47E4-928E-3E221A0490C5}"
EndProject
Project("{9A19103F-16F7-4668-BE54-9A1E7A4F7556}") = "ShareMe.DataAccessLayer.Context", "ShareMe.DataAccessLayer.Context\ShareMe.DataAccessLayer.Context.csproj", "{182A274A-BD74-4834-8950-642CC8083B8E}"
EndProject
Project("{9A19103F-16F7-4668-BE54-9A1E7A4F7556}") = "ShareMe.DataAccessLayer.UnitOfWork", "ShareMe.DataAccessLayer.UnitOfWork\ShareMe.DataAccessLayer.UnitOfWork.csproj", "{CC47EC5C-88D5-440D-A080-4ED6D349CD90}"
EndProject
Project("{9A19103F-16F7-4668-BE54-9A1E7A4F7556}") = "ShareMe.Service", "ShareMe.Service\ShareMe.Service.csproj", "{C4E5BCA3-ADC7-47E1-90E4-8FE243138D4E}"
EndProject
Project("{FAE04EC0-301F-11D3-BF4B-00C04F79EFBC}") = "ShareMe.WebApplication", "ShareMe.WebApplication\ShareMe.WebApplication.csproj", "{BA339CA0-B1FD-4467-9CB3-CD40C7AE6CD9}"
EndProject
Global
	GlobalSection(SolutionConfigurationPlatforms) = preSolution
		Debug|Any CPU = Debug|Any CPU
		Release|Any CPU = Release|Any CPU
	EndGlobalSection
	GlobalSection(ProjectConfigurationPlatforms) = postSolution
		{BCB500F8-402A-47E4-928E-3E221A0490C5}.Debug|Any CPU.ActiveCfg = Debug|Any CPU
		{BCB500F8-402A-47E4-928E-3E221A0490C5}.Debug|Any CPU.Build.0 = Debug|Any CPU
		{BCB500F8-402A-47E4-928E-3E221A0490C5}.Release|Any CPU.ActiveCfg = Release|Any CPU
		{BCB500F8-402A-47E4-928E-3E221A0490C5}.Release|Any CPU.Build.0 = Release|Any CPU
		{182A274A-BD74-4834-8950-642CC8083B8E}.Debug|Any CPU.ActiveCfg = Debug|Any CPU
		{182A274A-BD74-4834-8950-642CC8083B8E}.Debug|Any CPU.Build.0 = Debug|Any CPU
		{182A274A-BD74-4834-8950-642CC8083B8E}.Release|Any CPU.ActiveCfg = Release|Any CPU
		{182A274A-BD74-4834-8950-642CC8083B8E}.Release|Any CPU.Build.0 = Release|Any CPU
		{CC47EC5C-88D5-440D-A080-4ED6D349CD90}.Debug|Any CPU.ActiveCfg = Debug|Any CPU
		{CC47EC5C-88D5-440D-A080-4ED6D349CD90}.Debug|Any CPU.Build.0 = Debug|Any CPU
		{CC47EC5C-88D5-440D-A080-4ED6D349CD90}.Release|Any CPU.ActiveCfg = Release|Any CPU
		{CC47EC5C-88D5-440D-A080-4ED6D349CD90}.Release|Any CPU.Build.0 = Release|Any CPU
		{C4E5BCA3-ADC7-47E1-90E4-8FE243138D4E}.Debug|Any CPU.ActiveCfg = Debug|Any CPU
		{C4E5BCA3-ADC7-47E1-90E4-8FE243138D4E}.Debug|Any CPU.Build.0 = Debug|Any CPU
		{C4E5BCA3-ADC7-47E1-90E4-8FE243138D4E}.Release|Any CPU.ActiveCfg = Release|Any CPU
		{C4E5BCA3-ADC7-47E1-90E4-8FE243138D4E}.Release|Any CPU.Build.0 = Release|Any CPU
		{BA339CA0-B1FD-4467-9CB3-CD40C7AE6CD9}.Debug|Any CPU.ActiveCfg = Debug|Any CPU
		{BA339CA0-B1FD-4467-9CB3-CD40C7AE6CD9}.Debug|Any CPU.Build.0 = Debug|Any CPU
		{BA339CA0-B1FD-4467-9CB3-CD40C7AE6CD9}.Release|Any CPU.ActiveCfg = Release|Any CPU
		{BA339CA0-B1FD-4467-9CB3-CD40C7AE6CD9}.Release|Any CPU.Build.0 = Release|Any CPU
	EndGlobalSection
	GlobalSection(SolutionProperties) = preSolution
		HideSolutionNode = FALSE
	EndGlobalSection
	GlobalSection(ExtensibilityGlobals) = postSolution
		SolutionGuid = {4E6A1503-F8CD-40B7-8778-92DCD79E39F1}
	EndGlobalSection
EndGlobal
